
Microsoft Visual Studio Solution File, Format Version 12.00
# Visual Studio Version 17
VisualStudioVersion = 17.14.35906.104 d17.14
MinimumVisualStudioVersion = 10.0.40219.1
Project("{FAE04EC0-301F-11D3-BF4B-00C04F79EFBC}") = "KAShop", "KAShop\KAShop.csproj", "{D0F456D5-7F2A-480D-B589-C3A9E269FF27}"
EndProject
Global
	GlobalSection(SolutionConfigurationPlatforms) = preSolution
		Debug|Any CPU = Debug|Any CPU
		Release|Any CPU = Release|Any CPU
	EndGlobalSection
	GlobalSection(ProjectConfigurationPlatforms) = postSolution
		{D0F456D5-7F2A-480D-B589-C3A9E269FF27}.Debug|Any CPU.ActiveCfg = Debug|Any CPU
		{D0F456D5-7F2A-480D-B589-C3A9E269FF27}.Debug|Any CPU.Build.0 = Debug|Any CPU
		{D0F456D5-7F2A-480D-B589-C3A9E269FF27}.Release|Any CPU.ActiveCfg = Release|Any CPU
		{D0F456D5-7F2A-480D-B589-C3A9E269FF27}.Release|Any CPU.Build.0 = Release|Any CPU
	EndGlobalSection
	GlobalSection(SolutionProperties) = preSolution
		HideSolutionNode = FALSE
	EndGlobalSection
	GlobalSection(ExtensibilityGlobals) = postSolution
		SolutionGuid = {DC7C673D-3A6E-42C2-B284-3BB61D9A81A7}
	EndGlobalSection
EndGlobal
